
Microsoft Visual Studio Solution File, Format Version 12.00
# Visual Studio Version 17
VisualStudioVersion = 17.3.32811.315
MinimumVisualStudioVersion = 10.0.40219.1
Project("{FAE04EC0-301F-11D3-BF4B-00C04F79EFBC}") = "Coursework", "Coursework\Coursework.csproj", "{F055AF67-81FC-41EC-AB37-E131997DE62D}"
EndProject
Global
	GlobalSection(SolutionConfigurationPlatforms) = preSolution
		Debug|Any CPU = Debug|Any CPU
		Release|Any CPU = Release|Any CPU
	EndGlobalSection
	GlobalSection(ProjectConfigurationPlatforms) = postSolution
		{F055AF67-81FC-41EC-AB37-E131997DE62D}.Debug|Any CPU.ActiveCfg = Debug|Any CPU
		{F055AF67-81FC-41EC-AB37-E131997DE62D}.Debug|Any CPU.Build.0 = Debug|Any CPU
		{F055AF67-81FC-41EC-AB37-E131997DE62D}.Release|Any CPU.ActiveCfg = Release|Any CPU
		{F055AF67-81FC-41EC-AB37-E131997DE62D}.Release|Any CPU.Build.0 = Release|Any CPU
	EndGlobalSection
	GlobalSection(SolutionProperties) = preSolution
		HideSolutionNode = FALSE
	EndGlobalSection
	GlobalSection(ExtensibilityGlobals) = postSolution
		SolutionGuid = {EC173E56-31E9-4446-998D-AF9AB9F1CD47}
	EndGlobalSection
EndGlobal
